
Microsoft Visual Studio Solution File, Format Version 12.00
# Visual Studio Version 17
VisualStudioVersion = 17.4.33110.190
MinimumVisualStudioVersion = 10.0.40219.1
Project("{9A19103F-16F7-4668-BE54-9A1E7A4F7556}") = "SolicitacaoDeFerias", "SolicitacaoDeFerias\SolicitacaoDeFerias.csproj", "{91E75B92-AC98-4FA8-B4E6-2E365109C6F6}"
EndProject
Project("{FAE04EC0-301F-11D3-BF4B-00C04F79EFBC}") = "SolicitacaoDeFerias.Test", "SolicitacaoDeFerias.Test\SolicitacaoDeFerias.Test.csproj", "{27095D22-463A-4486-9B76-791FEBF9A383}"
EndProject
Global
	GlobalSection(SolutionConfigurationPlatforms) = preSolution
		Debug|Any CPU = Debug|Any CPU
		Release|Any CPU = Release|Any CPU
	EndGlobalSection
	GlobalSection(ProjectConfigurationPlatforms) = postSolution
		{91E75B92-AC98-4FA8-B4E6-2E365109C6F6}.Debug|Any CPU.ActiveCfg = Debug|Any CPU
		{91E75B92-AC98-4FA8-B4E6-2E365109C6F6}.Debug|Any CPU.Build.0 = Debug|Any CPU
		{91E75B92-AC98-4FA8-B4E6-2E365109C6F6}.Release|Any CPU.ActiveCfg = Release|Any CPU
		{91E75B92-AC98-4FA8-B4E6-2E365109C6F6}.Release|Any CPU.Build.0 = Release|Any CPU
		{27095D22-463A-4486-9B76-791FEBF9A383}.Debug|Any CPU.ActiveCfg = Debug|Any CPU
		{27095D22-463A-4486-9B76-791FEBF9A383}.Debug|Any CPU.Build.0 = Debug|Any CPU
		{27095D22-463A-4486-9B76-791FEBF9A383}.Release|Any CPU.ActiveCfg = Release|Any CPU
		{27095D22-463A-4486-9B76-791FEBF9A383}.Release|Any CPU.Build.0 = Release|Any CPU
	EndGlobalSection
	GlobalSection(SolutionProperties) = preSolution
		HideSolutionNode = FALSE
	EndGlobalSection
	GlobalSection(ExtensibilityGlobals) = postSolution
		SolutionGuid = {5FE9BC90-D579-40B0-B537-F473E21BF80C}
	EndGlobalSection
EndGlobal
